
Microsoft Visual Studio Solution File, Format Version 12.00
# Visual Studio Version 17
VisualStudioVersion = 17.4.33122.133
MinimumVisualStudioVersion = 10.0.40219.1
Project("{9A19103F-16F7-4668-BE54-9A1E7A4F7556}") = "Tests", "AlphaMobile\Tests.csproj", "{A497B575-A6AC-4834-A33C-AB0D398AC19C}"
EndProject
Project("{2150E333-8FDC-42A3-9474-1A3956D46DE8}") = "variables", "variables", "{B2DC1911-0A93-4349-98F0-E179D4273114}"
EndProject
Project("{9A19103F-16F7-4668-BE54-9A1E7A4F7556}") = "PageObjects", "PageObject\PageObjects.csproj", "{B06677A0-A65A-4B33-9250-6AFF38FF855C}"
EndProject
Global
	GlobalSection(SolutionConfigurationPlatforms) = preSolution
		Debug|Any CPU = Debug|Any CPU
		Release|Any CPU = Release|Any CPU
	EndGlobalSection
	GlobalSection(ProjectConfigurationPlatforms) = postSolution
		{A497B575-A6AC-4834-A33C-AB0D398AC19C}.Debug|Any CPU.ActiveCfg = Debug|Any CPU
		{A497B575-A6AC-4834-A33C-AB0D398AC19C}.Debug|Any CPU.Build.0 = Debug|Any CPU
		{A497B575-A6AC-4834-A33C-AB0D398AC19C}.Release|Any CPU.ActiveCfg = Release|Any CPU
		{A497B575-A6AC-4834-A33C-AB0D398AC19C}.Release|Any CPU.Build.0 = Release|Any CPU
		{B06677A0-A65A-4B33-9250-6AFF38FF855C}.Debug|Any CPU.ActiveCfg = Debug|Any CPU
		{B06677A0-A65A-4B33-9250-6AFF38FF855C}.Debug|Any CPU.Build.0 = Debug|Any CPU
		{B06677A0-A65A-4B33-9250-6AFF38FF855C}.Release|Any CPU.ActiveCfg = Release|Any CPU
		{B06677A0-A65A-4B33-9250-6AFF38FF855C}.Release|Any CPU.Build.0 = Release|Any CPU
	EndGlobalSection
	GlobalSection(SolutionProperties) = preSolution
		HideSolutionNode = FALSE
	EndGlobalSection
	GlobalSection(ExtensibilityGlobals) = postSolution
		SolutionGuid = {ADE94FBD-F112-4E40-B241-1D49CE88E8AD}
	EndGlobalSection
EndGlobal
